{
  "name": "@swap3d/cli",
  "version": "0.3.0",
  "lockfileVersion": 2,
  "requires": true,
  "packages": {
    "": {
      "name": "@swap3d/cli",
      "version": "0.3.0",
      "license": "Apache-2.0",
      "dependencies": {
        "@swap3d/sdk": "^0.1.0"
      },
      "bin": {
        "swap3d": "src/cli.mjs"
      },
      "engines": {
        "node": ">=18"
      }
    },
    "node_modules/@swap3d/sdk": {
      "version": "0.1.1",
      "resolved": "https://registry.npmjs.org/@swap3d/sdk/-/sdk-0.1.1.tgz",
      "integrity": "sha512-KmZlO2o/VvgaPdK1rMQy1vKF9Wev39W9DG/pbMBsy6pnBEZvxXVJrm8W2Ek6XuOjT1efVbUxDQG7TYe9/Zjd4g==",
      "engines": {
        "node": ">=18"
      }
    }
  },
  "dependencies": {
    "@swap3d/sdk": {
      "version": "0.1.1",
      "resolved": "https://registry.npmjs.org/@swap3d/sdk/-/sdk-0.1.1.tgz",
      "integrity": "sha512-KmZlO2o/VvgaPdK1rMQy1vKF9Wev39W9DG/pbMBsy6pnBEZvxXVJrm8W2Ek6XuOjT1efVbUxDQG7TYe9/Zjd4g=="
    }
  }
}
