{
  "name": "@swap3d/cli",
  "version": "0.2.3",
  "lockfileVersion": 2,
  "requires": true,
  "packages": {
    "": {
      "name": "@swap3d/cli",
      "version": "0.2.3",
      "license": "Apache-2.0",
      "bin": {
        "swap3d": "src/cli.mjs"
      },
      "engines": {
        "node": ">=18"
      }
    }
  }
}
